{
    "_meta": {
        "hash": {
            "sha256": "5def1c9dadee0092bddf2317c3ab9816da92f6b1c005b27a9e664212dfd77dac"
        },
        "pipfile-spec": 6,
        "requires": {
            "python_version": "3.8"
        },
        "sources": [
            {
                "name": "pypi",
                "url": "https://pypi.org/simple",
                "verify_ssl": true
            }
        ]
    },
    "default": {
        "numpy": {
            "hashes": [
                "sha256:07a8c89a04997625236c5ecb7afe35a02af3896c8aa01890a849913a2309c676",
                "sha256:08d9b008d0156c70dc392bb3ab3abb6e7a711383c3247b410b39962263576cd4",
                "sha256:201b4d0552831f7250a08d3b38de0d989d6f6e4658b709a02a73c524ccc6ffce",
                "sha256:2c10a93606e0b4b95c9b04b77dc349b398fdfbda382d2a39ba5a822f669a0123",
                "sha256:3ca688e1b9b95d80250bca34b11a05e389b1420d00e87a0d12dc45f131f704a1",
                "sha256:48a3aecd3b997bf452a2dedb11f4e79bc5bfd21a1d4cc760e703c31d57c84b3e",
                "sha256:568dfd16224abddafb1cbcce2ff14f522abe037268514dd7e42c6776a1c3f8e5",
                "sha256:5bfb1bb598e8229c2d5d48db1860bcf4311337864ea3efdbe1171fb0c5da515d",
                "sha256:639b54cdf6aa4f82fe37ebf70401bbb74b8508fddcf4797f9fe59615b8c5813a",
                "sha256:8251ed96f38b47b4295b1ae51631de7ffa8260b5b087808ef09a39a9d66c97ab",
                "sha256:92bfa69cfbdf7dfc3040978ad09a48091143cffb778ec3b03fa170c494118d75",
                "sha256:97098b95aa4e418529099c26558eeb8486e66bd1e53a6b606d684d0c3616b168",
                "sha256:a3bae1a2ed00e90b3ba5f7bd0a7c7999b55d609e0c54ceb2b076a25e345fa9f4",
                "sha256:c34ea7e9d13a70bf2ab64a2532fe149a9aced424cd05a2c4ba662fd989e3e45f",
                "sha256:dbc7601a3b7472d559dc7b933b18b4b66f9aa7452c120e87dfb33d02008c8a18",
                "sha256:e7927a589df200c5e23c57970bafbd0cd322459aa7b1ff73b7c2e84d6e3eae62",
                "sha256:f8c1f39caad2c896bc0018f699882b345b2a63708008be29b1f355ebf6f933fe",
                "sha256:f950f8845b480cffe522913d35567e29dd381b0dc7e4ce6a4a9f9156417d2430",
                "sha256:fade0d4f4d292b6f39951b6836d7a3c7ef5b2347f3c420cd9820a1d90d794802",
                "sha256:fdf3c08bce27132395d3c3ba1503cac12e17282358cb4bddc25cc46b0aca07aa"
            ],
            "index": "pypi",
            "version": "==1.22.3"
        },
        "pandas": {
            "hashes": [
                "sha256:0259cd11e7e6125aaea3af823b80444f3adad6149ff4c97fef760093598b3e34",
                "sha256:04dd15d9db538470900c851498e532ef28d4e56bfe72c9523acb32042de43dfb",
                "sha256:0b1a13f647e4209ed7dbb5da3497891d0045da9785327530ab696417ef478f84",
                "sha256:19f7c632436b1b4f84615c3b127bbd7bc603db95e3d4332ed259dc815c9aaa26",
                "sha256:1b384516dbb4e6aae30e3464c2e77c563da5980440fbdfbd0968e3942f8f9d70",
                "sha256:1d85d5f6be66dfd6d1d8d13b9535e342a2214260f1852654b19fa4d7b8d1218b",
                "sha256:2e5a7a1e0ecaac652326af627a3eca84886da9e667d68286866d4e33f6547caf",
                "sha256:3129a35d9dad1d80c234dd78f8f03141b914395d23f97cf92a366dcd19f8f8bf",
                "sha256:358b0bc98a5ff067132d23bf7a2242ee95db9ea5b7bbc401cf79205f11502fd3",
                "sha256:3dfb32ed50122fe8c5e7f2b8d97387edd742cc78f9ec36f007ee126cd3720907",
                "sha256:4e1176f45981c8ccc8161bc036916c004ca51037a7ed73f2d2a9857e6dbe654f",
                "sha256:508c99debccd15790d526ce6b1624b97a5e1e4ca5b871319fb0ebfd46b8f4dad",
                "sha256:6105af6533f8b63a43ea9f08a2ede04e8f43e49daef0209ab0d30352bcf08bee",
                "sha256:6d6ad1da00c7cc7d8dd1559a6ba59ba3973be6b15722d49738b2be0977eb8a0c",
                "sha256:7ea47ba1d6f359680130bd29af497333be6110de8f4c35b9211eec5a5a9630fa",
                "sha256:8db93ec98ac7cb5f8ac1420c10f5e3c43533153f253fe7fb6d891cf5aa2b80d2",
                "sha256:96e9ece5759f9b47ae43794b6359bbc54805d76e573b161ae770c1ea59393106",
                "sha256:bbb15ad79050e8b8d39ec40dd96a30cd09b886a2ae8848d0df1abba4d5502a67",
                "sha256:c614001129b2a5add5e3677c3a213a9e6fd376204cb8d17c04e84ff7dfc02a73",
                "sha256:e6a7bbbb7950063bfc942f8794bc3e31697c020a14f1cd8905fc1d28ec674a01",
                "sha256:f02e85e6d832be37d7f16cf6ac8bb26b519ace3e5f3235564a91c7f658ab2a43"
            ],
            "index": "pypi",
            "version": "==1.4.1"
        },
        "python-dateutil": {
            "hashes": [
                "sha256:0123cacc1627ae19ddf3c27a5de5bd67ee4586fbdd6440d9748f8abb483d3e86",
                "sha256:961d03dc3453ebbc59dbdea9e4e11c5651520a876d0f4db161e8674aae935da9"
            ],
            "markers": "python_version >= '2.7' and python_version not in '3.0, 3.1, 3.2, 3.3'",
            "version": "==2.8.2"
        },
        "pytz": {
            "hashes": [
                "sha256:3672058bc3453457b622aab7a1c3bfd5ab0bdae451512f6cf25f64ed37f5b87c",
                "sha256:acad2d8b20a1af07d4e4c9d2e9285c5ed9104354062f275f3fcd88dcef4f1326"
            ],
            "version": "==2021.3"
        },
        "six": {
            "hashes": [
                "sha256:1e61c37477a1626458e36f7b1d82aa5c9b094fa4802892072e49de9c60c4c926",
                "sha256:8abb2f1d86890a2dfb989f9a77cfcfd3e47c2a354b01111771326f8aa26e0254"
            ],
            "markers": "python_version >= '2.7' and python_version not in '3.0, 3.1, 3.2, 3.3'",
            "version": "==1.16.0"
        },
        "sortedcontainers": {
            "hashes": [
                "sha256:25caa5a06cc30b6b83d11423433f65d1f9d76c4c6a0c90e3379eaa43b9bfdb88",
                "sha256:a163dcaede0f1c021485e957a39245190e74249897e2ae4b2aa38595db237ee0"
            ],
            "index": "pypi",
            "version": "==2.4.0"
        }
    },
    "develop": {}
}
